
Microsoft Visual Studio Solution File, Format Version 12.00
# Visual Studio Version 17
VisualStudioVersion = 17.3.32929.385
MinimumVisualStudioVersion = 10.0.40219.1
Project("{9A19103F-16F7-4668-BE54-9A1E7A4F7556}") = "Chat", "Chat\Chat.csproj", "{3F9C38A0-3817-47B6-950C-F16392C18BEE}"
EndProject
Project("{FAE04EC0-301F-11D3-BF4B-00C04F79EFBC}") = "ClientChat", "ClientChat\ClientChat.csproj", "{57B3755A-AACC-45BE-9EC5-16A3EBCE20D3}"
EndProject
Global
	GlobalSection(SolutionConfigurationPlatforms) = preSolution
		Debug|Any CPU = Debug|Any CPU
		Release|Any CPU = Release|Any CPU
	EndGlobalSection
	GlobalSection(ProjectConfigurationPlatforms) = postSolution
		{3F9C38A0-3817-47B6-950C-F16392C18BEE}.Debug|Any CPU.ActiveCfg = Debug|Any CPU
		{3F9C38A0-3817-47B6-950C-F16392C18BEE}.Debug|Any CPU.Build.0 = Debug|Any CPU
		{3F9C38A0-3817-47B6-950C-F16392C18BEE}.Release|Any CPU.ActiveCfg = Release|Any CPU
		{3F9C38A0-3817-47B6-950C-F16392C18BEE}.Release|Any CPU.Build.0 = Release|Any CPU
		{57B3755A-AACC-45BE-9EC5-16A3EBCE20D3}.Debug|Any CPU.ActiveCfg = Debug|Any CPU
		{57B3755A-AACC-45BE-9EC5-16A3EBCE20D3}.Debug|Any CPU.Build.0 = Debug|Any CPU
		{57B3755A-AACC-45BE-9EC5-16A3EBCE20D3}.Release|Any CPU.ActiveCfg = Release|Any CPU
		{57B3755A-AACC-45BE-9EC5-16A3EBCE20D3}.Release|Any CPU.Build.0 = Release|Any CPU
	EndGlobalSection
	GlobalSection(SolutionProperties) = preSolution
		HideSolutionNode = FALSE
	EndGlobalSection
	GlobalSection(ExtensibilityGlobals) = postSolution
		SolutionGuid = {BF6AC33E-9FA5-49ED-94CA-CCD3210BA1C2}
	EndGlobalSection
EndGlobal
